// !$*UTF8*$!
{
	archiveVersion = 1;
	classes = {
	};
	objectVersion = 55;
	objects = {

/* Begin PBXBuildFile section */
		8E0CAC242908F4CB00F31207 /* RecipesOfCategoryList.swift in Sources */ = {isa = PBXBuildFile; fileRef = 8E0CAC232908F4CB00F31207 /* RecipesOfCategoryList.swift */; };
		8E0CAC282909B2E500F31207 /* AllChipsCollectionViewController.swift in Sources */ = {isa = PBXBuildFile; fileRef = 8E0CAC272909B2E500F31207 /* AllChipsCollectionViewController.swift */; };
		8E0CAC2A2909B38900F31207 /* AllChipsCompositionalLayout.swift in Sources */ = {isa = PBXBuildFile; fileRef = 8E0CAC292909B38900F31207 /* AllChipsCompositionalLayout.swift */; };
		8E12F55D2917F6CA0009BB0C /* AllRecipesTableViewController.swift in Sources */ = {isa = PBXBuildFile; fileRef = 8E12F55C2917F6CA0009BB0C /* AllRecipesTableViewController.swift */; };
		8E19074128ABFE3B00ECD830 /* CellView.swift in Sources */ = {isa = PBXBuildFile; fileRef = 8E19074028ABFE3B00ECD830 /* CellView.swift */; };
		8E1E99FC28A90E37007349A9 /* SearchCollectionViewController.swift in Sources */ = {isa = PBXBuildFile; fileRef = 8E1E99FB28A90E37007349A9 /* SearchCollectionViewController.swift */; };
		8E1E9A0228A91805007349A9 /* FavouriteFiles.swift in Sources */ = {isa = PBXBuildFile; fileRef = 8E1E9A0128A91805007349A9 /* FavouriteFiles.swift */; };
		8E31CF83289A6F84006CE7AC /* FavouritesTableViewController.swift in Sources */ = {isa = PBXBuildFile; fileRef = 8E31CF82289A6F84006CE7AC /* FavouritesTableViewController.swift */; };
		8E31CFD5289BC8F0006CE7AC /* CategoryCell.swift in Sources */ = {isa = PBXBuildFile; fileRef = 8E31CFD3289BC8F0006CE7AC /* CategoryCell.swift */; };
		8E37564528D982220033E360 /* InstructionOfRecipeTableViewCell.swift in Sources */ = {isa = PBXBuildFile; fileRef = 8E37564428D982220033E360 /* InstructionOfRecipeTableViewCell.swift */; };
		8E37A1ED28ABF8D200F1BA0F /* CellView.xib in Resources */ = {isa = PBXBuildFile; fileRef = 8E37A1EC28ABF8D200F1BA0F /* CellView.xib */; };
		8E3D92ED28E61653004782B2 /* Montserrat-Thin.ttf in Resources */ = {isa = PBXBuildFile; fileRef = 8E9034D22898E7AB00D65515 /* Montserrat-Thin.ttf */; };
		8E4148B228F3DA4D00DEB191 /* IngredientHeaderViewCell.swift in Sources */ = {isa = PBXBuildFile; fileRef = 8E4148B128F3DA4D00DEB191 /* IngredientHeaderViewCell.swift */; };
		8E4148B428F3DA6B00DEB191 /* InstructionHeaderViewCell.swift in Sources */ = {isa = PBXBuildFile; fileRef = 8E4148B328F3DA6B00DEB191 /* InstructionHeaderViewCell.swift */; };
		8E4148BA28F5762900DEB191 /* Header.xib in Resources */ = {isa = PBXBuildFile; fileRef = 8E4148B928F5762900DEB191 /* Header.xib */; };
		8E4148BC28F5763700DEB191 /* Header.swift in Sources */ = {isa = PBXBuildFile; fileRef = 8E4148BB28F5763700DEB191 /* Header.swift */; };
		8E59C97328DCB21000D6FEBE /* SF-Pro-Text-BlackItalic.otf in Resources */ = {isa = PBXBuildFile; fileRef = 8E59C96128DCB21000D6FEBE /* SF-Pro-Text-BlackItalic.otf */; };
		8E59C97428DCB21000D6FEBE /* SF-Pro-Text-Thin.otf in Resources */ = {isa = PBXBuildFile; fileRef = 8E59C96228DCB21000D6FEBE /* SF-Pro-Text-Thin.otf */; };
		8E59C97528DCB21000D6FEBE /* SF-Pro-Text-ThinItalic.otf in Resources */ = {isa = PBXBuildFile; fileRef = 8E59C96328DCB21000D6FEBE /* SF-Pro-Text-ThinItalic.otf */; };
		8E59C97628DCB21000D6FEBE /* SF-Pro-Text-MediumItalic.otf in Resources */ = {isa = PBXBuildFile; fileRef = 8E59C96428DCB21000D6FEBE /* SF-Pro-Text-MediumItalic.otf */; };
		8E59C97728DCB21000D6FEBE /* SF-Pro-Text-BoldItalic.otf in Resources */ = {isa = PBXBuildFile; fileRef = 8E59C96528DCB21000D6FEBE /* SF-Pro-Text-BoldItalic.otf */; };
		8E59C97828DCB21000D6FEBE /* SF-Pro-Text-Medium.otf in Resources */ = {isa = PBXBuildFile; fileRef = 8E59C96628DCB21000D6FEBE /* SF-Pro-Text-Medium.otf */; };
		8E59C97928DCB21000D6FEBE /* SF-Pro-Text-Light.otf in Resources */ = {isa = PBXBuildFile; fileRef = 8E59C96728DCB21000D6FEBE /* SF-Pro-Text-Light.otf */; };
		8E59C97A28DCB21000D6FEBE /* SF-Pro-Text-RegularItalic.otf in Resources */ = {isa = PBXBuildFile; fileRef = 8E59C96828DCB21000D6FEBE /* SF-Pro-Text-RegularItalic.otf */; };
		8E59C97B28DCB21000D6FEBE /* SF-Pro-Text-Black.otf in Resources */ = {isa = PBXBuildFile; fileRef = 8E59C96928DCB21000D6FEBE /* SF-Pro-Text-Black.otf */; };
		8E59C97C28DCB21000D6FEBE /* SF-Pro-Text-Regular.otf in Resources */ = {isa = PBXBuildFile; fileRef = 8E59C96A28DCB21000D6FEBE /* SF-Pro-Text-Regular.otf */; };
		8E59C97D28DCB21000D6FEBE /* SF-Pro-Text-SemiboldItalic.otf in Resources */ = {isa = PBXBuildFile; fileRef = 8E59C96B28DCB21000D6FEBE /* SF-Pro-Text-SemiboldItalic.otf */; };
		8E59C97E28DCB21000D6FEBE /* SF-Pro-Text-UltralightItalic.otf in Resources */ = {isa = PBXBuildFile; fileRef = 8E59C96C28DCB21000D6FEBE /* SF-Pro-Text-UltralightItalic.otf */; };
		8E59C97F28DCB21000D6FEBE /* SF-Pro-Text-Bold.otf in Resources */ = {isa = PBXBuildFile; fileRef = 8E59C96D28DCB21000D6FEBE /* SF-Pro-Text-Bold.otf */; };
		8E59C98028DCB21000D6FEBE /* SF-Pro-Text-Ultralight.otf in Resources */ = {isa = PBXBuildFile; fileRef = 8E59C96E28DCB21000D6FEBE /* SF-Pro-Text-Ultralight.otf */; };
		8E59C98128DCB21000D6FEBE /* SF-Pro-Text-HeavyItalic.otf in Resources */ = {isa = PBXBuildFile; fileRef = 8E59C96F28DCB21000D6FEBE /* SF-Pro-Text-HeavyItalic.otf */; };
		8E59C98228DCB21000D6FEBE /* SF-Pro-Text-LightItalic.otf in Resources */ = {isa = PBXBuildFile; fileRef = 8E59C97028DCB21000D6FEBE /* SF-Pro-Text-LightItalic.otf */; };
		8E59C98328DCB21000D6FEBE /* SF-Pro-Text-Semibold.otf in Resources */ = {isa = PBXBuildFile; fileRef = 8E59C97128DCB21000D6FEBE /* SF-Pro-Text-Semibold.otf */; };
		8E59C98428DCB21000D6FEBE /* SF-Pro-Text-Heavy.otf in Resources */ = {isa = PBXBuildFile; fileRef = 8E59C97228DCB21000D6FEBE /* SF-Pro-Text-Heavy.otf */; };
		8E59C98728E0355F00D6FEBE /* FloatingTitleTextField.swift in Sources */ = {isa = PBXBuildFile; fileRef = 8E59C98628E0355F00D6FEBE /* FloatingTitleTextField.swift */; };
		8E6ED27028A159E800EB0CB2 /* SpecialTableViewCell.swift in Sources */ = {isa = PBXBuildFile; fileRef = 8E6ED26F28A159E800EB0CB2 /* SpecialTableViewCell.swift */; };
		8E6ED27928A2C82C00EB0CB2 /* CategoryTableViewController.swift in Sources */ = {isa = PBXBuildFile; fileRef = 8E6ED27828A2C82B00EB0CB2 /* CategoryTableViewController.swift */; };
		8E6ED28028A54AB200EB0CB2 /* RecipeViewController.swift in Sources */ = {isa = PBXBuildFile; fileRef = 8E6ED27F28A54AB200EB0CB2 /* RecipeViewController.swift */; };
		8E6ED28228A8E65900EB0CB2 /* TableSectionHeaderView.xib in Resources */ = {isa = PBXBuildFile; fileRef = 8E6ED28128A8E65900EB0CB2 /* TableSectionHeaderView.xib */; };
		8E6ED28428A8E81800EB0CB2 /* TableSectionHeaderView.swift in Sources */ = {isa = PBXBuildFile; fileRef = 8E6ED28328A8E81800EB0CB2 /* TableSectionHeaderView.swift */; };
		8E9034D72899294600D65515 /* Montserrat-Black.ttf in Resources */ = {isa = PBXBuildFile; fileRef = 8E9034CE2898E7AA00D65515 /* Montserrat-Black.ttf */; };
		8E9034D82899294600D65515 /* Montserrat-BlackItalic.ttf in Resources */ = {isa = PBXBuildFile; fileRef = 8E9034D12898E7AB00D65515 /* Montserrat-BlackItalic.ttf */; };
		8E9034D92899294600D65515 /* Montserrat-Bold.ttf in Resources */ = {isa = PBXBuildFile; fileRef = 8E9034D02898E7AB00D65515 /* Montserrat-Bold.ttf */; };
		8E9034DA2899294600D65515 /* Montserrat-BoldItalic.ttf in Resources */ = {isa = PBXBuildFile; fileRef = 8E9034C62898E7AA00D65515 /* Montserrat-BoldItalic.ttf */; };
		8E9034DB2899294600D65515 /* Montserrat-ExtraBold.ttf in Resources */ = {isa = PBXBuildFile; fileRef = 8E9034CA2898E7AA00D65515 /* Montserrat-ExtraBold.ttf */; };
		8E9034DC2899294600D65515 /* Montserrat-ExtraBoldItalic.ttf in Resources */ = {isa = PBXBuildFile; fileRef = 8E9034C82898E7AA00D65515 /* Montserrat-ExtraBoldItalic.ttf */; };
		8E9034DD2899294600D65515 /* Montserrat-ExtraLight.ttf in Resources */ = {isa = PBXBuildFile; fileRef = 8E9034D42898E7AB00D65515 /* Montserrat-ExtraLight.ttf */; };
		8E9034DE2899294600D65515 /* Montserrat-ExtraLightItalic.ttf in Resources */ = {isa = PBXBuildFile; fileRef = 8E9034CF2898E7AA00D65515 /* Montserrat-ExtraLightItalic.ttf */; };
		8E9034DF2899294600D65515 /* Montserrat-Italic.ttf in Resources */ = {isa = PBXBuildFile; fileRef = 8E9034CB2898E7AA00D65515 /* Montserrat-Italic.ttf */; };
		8E9034E02899294600D65515 /* Montserrat-Light.ttf in Resources */ = {isa = PBXBuildFile; fileRef = 8E9034CD2898E7AA00D65515 /* Montserrat-Light.ttf */; };
		8E9034E12899294600D65515 /* Montserrat-LightItalic.ttf in Resources */ = {isa = PBXBuildFile; fileRef = 8E9034D52898E7AB00D65515 /* Montserrat-LightItalic.ttf */; };
		8E9034E22899294600D65515 /* Montserrat-Medium.ttf in Resources */ = {isa = PBXBuildFile; fileRef = 8E9034C52898E7AA00D65515 /* Montserrat-Medium.ttf */; };
		8E9034E32899294600D65515 /* Montserrat-MediumItalic.ttf in Resources */ = {isa = PBXBuildFile; fileRef = 8E9034C92898E7AA00D65515 /* Montserrat-MediumItalic.ttf */; };
		8E9034E42899294600D65515 /* Montserrat-Regular.ttf in Resources */ = {isa = PBXBuildFile; fileRef = 8E9034D32898E7AB00D65515 /* Montserrat-Regular.ttf */; };
		8E9034E52899294600D65515 /* Montserrat-SemiBold.ttf in Resources */ = {isa = PBXBuildFile; fileRef = 8E9034C72898E7AA00D65515 /* Montserrat-SemiBold.ttf */; };
		8E9034E62899294600D65515 /* Montserrat-SemiBoldItalic.ttf in Resources */ = {isa = PBXBuildFile; fileRef = 8E9034D62898E7AB00D65515 /* Montserrat-SemiBoldItalic.ttf */; };
		8E9034E82899294600D65515 /* Montserrat-ThinItalic.ttf in Resources */ = {isa = PBXBuildFile; fileRef = 8E9034CC2898E7AA00D65515 /* Montserrat-ThinItalic.ttf */; };
		8E9034EA28992AEF00D65515 /* ScreenSaverViewController.swift in Sources */ = {isa = PBXBuildFile; fileRef = 8E9034E928992AEF00D65515 /* ScreenSaverViewController.swift */; };
		8E9034EC2899753D00D65515 /* HomeViewController.swift in Sources */ = {isa = PBXBuildFile; fileRef = 8E9034EB2899753D00D65515 /* HomeViewController.swift */; };
		8EB083F928FF181800FF9C24 /* CategoriesList.swift in Sources */ = {isa = PBXBuildFile; fileRef = 8EB083F828FF181800FF9C24 /* CategoriesList.swift */; };
		8EB083FB28FF189700FF9C24 /* ApiManager.swift in Sources */ = {isa = PBXBuildFile; fileRef = 8EB083FA28FF189700FF9C24 /* ApiManager.swift */; };
		8EB083FF28FFFE7800FF9C24 /* CategoryTagList.swift in Sources */ = {isa = PBXBuildFile; fileRef = 8EB083FE28FFFE7800FF9C24 /* CategoryTagList.swift */; };
		8EB084012900000300FF9C24 /* IngredientTagList.swift in Sources */ = {isa = PBXBuildFile; fileRef = 8EB084002900000300FF9C24 /* IngredientTagList.swift */; };
		8EB08403290000D500FF9C24 /* AreaTagList.swift in Sources */ = {isa = PBXBuildFile; fileRef = 8EB08402290000D400FF9C24 /* AreaTagList.swift */; };
		8EB084072901B9BF00FF9C24 /* ReсipeList.swift in Sources */ = {isa = PBXBuildFile; fileRef = 8EB084062901B9BF00FF9C24 /* ReсipeList.swift */; };
		8EB0840B2908542700FF9C24 /* Kingfisher in Frameworks */ = {isa = PBXBuildFile; productRef = 8EB0840A2908542700FF9C24 /* Kingfisher */; };
		8EDBF57128BBFA4C0013AD0D /* CollectionSectionHeaderView.xib in Resources */ = {isa = PBXBuildFile; fileRef = 8EDBF57028BBFA4C0013AD0D /* CollectionSectionHeaderView.xib */; };
		8EDBF57328BBFA5C0013AD0D /* CollectionSectionHeaderView.swift in Sources */ = {isa = PBXBuildFile; fileRef = 8EDBF57228BBFA5C0013AD0D /* CollectionSectionHeaderView.swift */; };
		8EDBF57528CDE0440013AD0D /* SearchCompositionalLayout.swift in Sources */ = {isa = PBXBuildFile; fileRef = 8EDBF57428CDE0440013AD0D /* SearchCompositionalLayout.swift */; };
		8EDBF57B28D43BB70013AD0D /* ProfileViewController.swift in Sources */ = {isa = PBXBuildFile; fileRef = 8EDBF57A28D43BB70013AD0D /* ProfileViewController.swift */; };
		8EDBF57F28D74E150013AD0D /* IngredientsForRecepieTableViewCell.swift in Sources */ = {isa = PBXBuildFile; fileRef = 8EDBF57E28D74E150013AD0D /* IngredientsForRecepieTableViewCell.swift */; };
		8EDBF58328D74E660013AD0D /* NameOfPecepieTableViewCell.swift in Sources */ = {isa = PBXBuildFile; fileRef = 8EDBF58228D74E660013AD0D /* NameOfPecepieTableViewCell.swift */; };
		8EDDB0CD28FBF865001F2B69 /* RecipePresenting.swift in Sources */ = {isa = PBXBuildFile; fileRef = 8EDDB0CC28FBF865001F2B69 /* RecipePresenting.swift */; };
		8EFB367928EB5A87005C758B /* StrechyHeader.swift in Sources */ = {isa = PBXBuildFile; fileRef = 8EFB367828EB5A87005C758B /* StrechyHeader.swift */; };
		8EFB367B28EB5A94005C758B /* StrechyHeader.xib in Resources */ = {isa = PBXBuildFile; fileRef = 8EFB367A28EB5A94005C758B /* StrechyHeader.xib */; };
		8EFBA2A828AEAEA90098644F /* SpecialTableViewCell.xib in Resources */ = {isa = PBXBuildFile; fileRef = 8EFBA2A728AEAEA90098644F /* SpecialTableViewCell.xib */; };
		8EFBA2AA28AEB0500098644F /* UIView+FromNib.swift in Sources */ = {isa = PBXBuildFile; fileRef = 8EFBA2A928AEB0500098644F /* UIView+FromNib.swift */; };
		8EFBA2B528B4D3B80098644F /* SearchingViewCell.swift in Sources */ = {isa = PBXBuildFile; fileRef = 8EFBA2B328B4D3B80098644F /* SearchingViewCell.swift */; };
		8EFBA2B628B4D3B80098644F /* SearchingViewCell.xib in Resources */ = {isa = PBXBuildFile; fileRef = 8EFBA2B428B4D3B80098644F /* SearchingViewCell.xib */; };
		8EFBA2C128B4D5790098644F /* SearchAllRecipesCollectionViewCell.swift in Sources */ = {isa = PBXBuildFile; fileRef = 8EFBA2BF28B4D5790098644F /* SearchAllRecipesCollectionViewCell.swift */; };
		8EFBA2C228B4D5790098644F /* SearchAllRecipesCollectionViewCell.xib in Resources */ = {isa = PBXBuildFile; fileRef = 8EFBA2C028B4D5790098644F /* SearchAllRecipesCollectionViewCell.xib */; };
		8EFBA2C428B6997D0098644F /* LabelWithInsets.swift in Sources */ = {isa = PBXBuildFile; fileRef = 8EFBA2C328B6997D0098644F /* LabelWithInsets.swift */; };
		8EFEDAA028983B2C001A2908 /* AppDelegate.swift in Sources */ = {isa = PBXBuildFile; fileRef = 8EFEDA9F28983B2C001A2908 /* AppDelegate.swift */; };
		8EFEDAA228983B2C001A2908 /* SceneDelegate.swift in Sources */ = {isa = PBXBuildFile; fileRef = 8EFEDAA128983B2C001A2908 /* SceneDelegate.swift */; };
		8EFEDAA428983B2C001A2908 /* LoginViewController.swift in Sources */ = {isa = PBXBuildFile; fileRef = 8EFEDAA328983B2C001A2908 /* LoginViewController.swift */; };
		8EFEDAA728983B2C001A2908 /* Main.storyboard in Resources */ = {isa = PBXBuildFile; fileRef = 8EFEDAA528983B2C001A2908 /* Main.storyboard */; };
		8EFEDAA928983B2D001A2908 /* Assets.xcassets in Resources */ = {isa = PBXBuildFile; fileRef = 8EFEDAA828983B2D001A2908 /* Assets.xcassets */; };
		8EFEDAAC28983B2D001A2908 /* LaunchScreen.storyboard in Resources */ = {isa = PBXBuildFile; fileRef = 8EFEDAAA28983B2D001A2908 /* LaunchScreen.storyboard */; };
		8EFEDAB428984843001A2908 /* BorderedTextField.swift in Sources */ = {isa = PBXBuildFile; fileRef = 8EFEDAB328984843001A2908 /* BorderedTextField.swift */; };
/* End PBXBuildFile section */

/* Begin PBXFileReference section */
		8E0CAC232908F4CB00F31207 /* RecipesOfCategoryList.swift */ = {isa = PBXFileReference; lastKnownFileType = sourcecode.swift; path = RecipesOfCategoryList.swift; sourceTree = "<group>"; };
		8E0CAC272909B2E500F31207 /* AllChipsCollectionViewController.swift */ = {isa = PBXFileReference; lastKnownFileType = sourcecode.swift; path = AllChipsCollectionViewController.swift; sourceTree = "<group>"; };
		8E0CAC292909B38900F31207 /* AllChipsCompositionalLayout.swift */ = {isa = PBXFileReference; lastKnownFileType = sourcecode.swift; path = AllChipsCompositionalLayout.swift; sourceTree = "<group>"; };
		8E12F55C2917F6CA0009BB0C /* AllRecipesTableViewController.swift */ = {isa = PBXFileReference; lastKnownFileType = sourcecode.swift; path = AllRecipesTableViewController.swift; sourceTree = "<group>"; };
		8E19074028ABFE3B00ECD830 /* CellView.swift */ = {isa = PBXFileReference; lastKnownFileType = sourcecode.swift; path = CellView.swift; sourceTree = "<group>"; };
		8E1E99FB28A90E37007349A9 /* SearchCollectionViewController.swift */ = {isa = PBXFileReference; lastKnownFileType = sourcecode.swift; path = SearchCollectionViewController.swift; sourceTree = "<group>"; };
		8E1E9A0128A91805007349A9 /* FavouriteFiles.swift */ = {isa = PBXFileReference; lastKnownFileType = sourcecode.swift; path = FavouriteFiles.swift; sourceTree = "<group>"; };
		8E31CF82289A6F84006CE7AC /* FavouritesTableViewController.swift */ = {isa = PBXFileReference; lastKnownFileType = sourcecode.swift; path = FavouritesTableViewController.swift; sourceTree = "<group>"; };
		8E31CFD3289BC8F0006CE7AC /* CategoryCell.swift */ = {isa = PBXFileReference; lastKnownFileType = sourcecode.swift; path = CategoryCell.swift; sourceTree = "<group>"; };
		8E37564428D982220033E360 /* InstructionOfRecipeTableViewCell.swift */ = {isa = PBXFileReference; lastKnownFileType = sourcecode.swift; path = InstructionOfRecipeTableViewCell.swift; sourceTree = "<group>"; };
		8E37A1EC28ABF8D200F1BA0F /* CellView.xib */ = {isa = PBXFileReference; lastKnownFileType = file.xib; path = CellView.xib; sourceTree = "<group>"; };
		8E4148B128F3DA4D00DEB191 /* IngredientHeaderViewCell.swift */ = {isa = PBXFileReference; lastKnownFileType = sourcecode.swift; path = IngredientHeaderViewCell.swift; sourceTree = "<group>"; };
		8E4148B328F3DA6B00DEB191 /* InstructionHeaderViewCell.swift */ = {isa = PBXFileReference; lastKnownFileType = sourcecode.swift; path = InstructionHeaderViewCell.swift; sourceTree = "<group>"; };
		8E4148B928F5762900DEB191 /* Header.xib */ = {isa = PBXFileReference; lastKnownFileType = file.xib; path = Header.xib; sourceTree = "<group>"; };
		8E4148BB28F5763700DEB191 /* Header.swift */ = {isa = PBXFileReference; lastKnownFileType = sourcecode.swift; path = Header.swift; sourceTree = "<group>"; };
		8E59C96128DCB21000D6FEBE /* SF-Pro-Text-BlackItalic.otf */ = {isa = PBXFileReference; lastKnownFileType = file; name = "SF-Pro-Text-BlackItalic.otf"; path = "../../../../../../../Library/Fonts/SF-Pro-Text-BlackItalic.otf"; sourceTree = "<group>"; };
		8E59C96228DCB21000D6FEBE /* SF-Pro-Text-Thin.otf */ = {isa = PBXFileReference; lastKnownFileType = file; name = "SF-Pro-Text-Thin.otf"; path = "../../../../../../../Library/Fonts/SF-Pro-Text-Thin.otf"; sourceTree = "<group>"; };
		8E59C96328DCB21000D6FEBE /* SF-Pro-Text-ThinItalic.otf */ = {isa = PBXFileReference; lastKnownFileType = file; name = "SF-Pro-Text-ThinItalic.otf"; path = "../../../../../../../Library/Fonts/SF-Pro-Text-ThinItalic.otf"; sourceTree = "<group>"; };
		8E59C96428DCB21000D6FEBE /* SF-Pro-Text-MediumItalic.otf */ = {isa = PBXFileReference; lastKnownFileType = file; name = "SF-Pro-Text-MediumItalic.otf"; path = "../../../../../../../Library/Fonts/SF-Pro-Text-MediumItalic.otf"; sourceTree = "<group>"; };
		8E59C96528DCB21000D6FEBE /* SF-Pro-Text-BoldItalic.otf */ = {isa = PBXFileReference; lastKnownFileType = file; name = "SF-Pro-Text-BoldItalic.otf"; path = "../../../../../../../Library/Fonts/SF-Pro-Text-BoldItalic.otf"; sourceTree = "<group>"; };
		8E59C96628DCB21000D6FEBE /* SF-Pro-Text-Medium.otf */ = {isa = PBXFileReference; lastKnownFileType = file; name = "SF-Pro-Text-Medium.otf"; path = "../../../../../../../Library/Fonts/SF-Pro-Text-Medium.otf"; sourceTree = "<group>"; };
		8E59C96728DCB21000D6FEBE /* SF-Pro-Text-Light.otf */ = {isa = PBXFileReference; lastKnownFileType = file; name = "SF-Pro-Text-Light.otf"; path = "../../../../../../../Library/Fonts/SF-Pro-Text-Light.otf"; sourceTree = "<group>"; };
		8E59C96828DCB21000D6FEBE /* SF-Pro-Text-RegularItalic.otf */ = {isa = PBXFileReference; lastKnownFileType = file; name = "SF-Pro-Text-RegularItalic.otf"; path = "../../../../../../../Library/Fonts/SF-Pro-Text-RegularItalic.otf"; sourceTree = "<group>"; };
		8E59C96928DCB21000D6FEBE /* SF-Pro-Text-Black.otf */ = {isa = PBXFileReference; lastKnownFileType = file; name = "SF-Pro-Text-Black.otf"; path = "../../../../../../../Library/Fonts/SF-Pro-Text-Black.otf"; sourceTree = "<group>"; };
		8E59C96A28DCB21000D6FEBE /* SF-Pro-Text-Regular.otf */ = {isa = PBXFileReference; lastKnownFileType = file; name = "SF-Pro-Text-Regular.otf"; path = "../../../../../../../Library/Fonts/SF-Pro-Text-Regular.otf"; sourceTree = "<group>"; };
		8E59C96B28DCB21000D6FEBE /* SF-Pro-Text-SemiboldItalic.otf */ = {isa = PBXFileReference; lastKnownFileType = file; name = "SF-Pro-Text-SemiboldItalic.otf"; path = "../../../../../../../Library/Fonts/SF-Pro-Text-SemiboldItalic.otf"; sourceTree = "<group>"; };
		8E59C96C28DCB21000D6FEBE /* SF-Pro-Text-UltralightItalic.otf */ = {isa = PBXFileReference; lastKnownFileType = file; name = "SF-Pro-Text-UltralightItalic.otf"; path = "../../../../../../../Library/Fonts/SF-Pro-Text-UltralightItalic.otf"; sourceTree = "<group>"; };
		8E59C96D28DCB21000D6FEBE /* SF-Pro-Text-Bold.otf */ = {isa = PBXFileReference; lastKnownFileType = file; name = "SF-Pro-Text-Bold.otf"; path = "../../../../../../../Library/Fonts/SF-Pro-Text-Bold.otf"; sourceTree = "<group>"; };
		8E59C96E28DCB21000D6FEBE /* SF-Pro-Text-Ultralight.otf */ = {isa = PBXFileReference; lastKnownFileType = file; name = "SF-Pro-Text-Ultralight.otf"; path = "../../../../../../../Library/Fonts/SF-Pro-Text-Ultralight.otf"; sourceTree = "<group>"; };
		8E59C96F28DCB21000D6FEBE /* SF-Pro-Text-HeavyItalic.otf */ = {isa = PBXFileReference; lastKnownFileType = file; name = "SF-Pro-Text-HeavyItalic.otf"; path = "../../../../../../../Library/Fonts/SF-Pro-Text-HeavyItalic.otf"; sourceTree = "<group>"; };
		8E59C97028DCB21000D6FEBE /* SF-Pro-Text-LightItalic.otf */ = {isa = PBXFileReference; lastKnownFileType = file; name = "SF-Pro-Text-LightItalic.otf"; path = "../../../../../../../Library/Fonts/SF-Pro-Text-LightItalic.otf"; sourceTree = "<group>"; };
		8E59C97128DCB21000D6FEBE /* SF-Pro-Text-Semibold.otf */ = {isa = PBXFileReference; lastKnownFileType = file; name = "SF-Pro-Text-Semibold.otf"; path = "../../../../../../../Library/Fonts/SF-Pro-Text-Semibold.otf"; sourceTree = "<group>"; };
		8E59C97228DCB21000D6FEBE /* SF-Pro-Text-Heavy.otf */ = {isa = PBXFileReference; lastKnownFileType = file; name = "SF-Pro-Text-Heavy.otf"; path = "../../../../../../../Library/Fonts/SF-Pro-Text-Heavy.otf"; sourceTree = "<group>"; };
		8E59C98628E0355F00D6FEBE /* FloatingTitleTextField.swift */ = {isa = PBXFileReference; lastKnownFileType = sourcecode.swift; path = FloatingTitleTextField.swift; sourceTree = "<group>"; };
		8E6ED26F28A159E800EB0CB2 /* SpecialTableViewCell.swift */ = {isa = PBXFileReference; lastKnownFileType = sourcecode.swift; path = SpecialTableViewCell.swift; sourceTree = "<group>"; };
		8E6ED27828A2C82B00EB0CB2 /* CategoryTableViewController.swift */ = {isa = PBXFileReference; lastKnownFileType = sourcecode.swift; path = CategoryTableViewController.swift; sourceTree = "<group>"; };
		8E6ED27F28A54AB200EB0CB2 /* RecipeViewController.swift */ = {isa = PBXFileReference; lastKnownFileType = sourcecode.swift; path = RecipeViewController.swift; sourceTree = "<group>"; };
		8E6ED28128A8E65900EB0CB2 /* TableSectionHeaderView.xib */ = {isa = PBXFileReference; lastKnownFileType = file.xib; path = TableSectionHeaderView.xib; sourceTree = "<group>"; };
		8E6ED28328A8E81800EB0CB2 /* TableSectionHeaderView.swift */ = {isa = PBXFileReference; lastKnownFileType = sourcecode.swift; path = TableSectionHeaderView.swift; sourceTree = "<group>"; };
		8E9034C52898E7AA00D65515 /* Montserrat-Medium.ttf */ = {isa = PBXFileReference; lastKnownFileType = file; path = "Montserrat-Medium.ttf"; sourceTree = "<group>"; };
		8E9034C62898E7AA00D65515 /* Montserrat-BoldItalic.ttf */ = {isa = PBXFileReference; lastKnownFileType = file; path = "Montserrat-BoldItalic.ttf"; sourceTree = "<group>"; };
		8E9034C72898E7AA00D65515 /* Montserrat-SemiBold.ttf */ = {isa = PBXFileReference; lastKnownFileType = file; path = "Montserrat-SemiBold.ttf"; sourceTree = "<group>"; };
		8E9034C82898E7AA00D65515 /* Montserrat-ExtraBoldItalic.ttf */ = {isa = PBXFileReference; lastKnownFileType = file; path = "Montserrat-ExtraBoldItalic.ttf"; sourceTree = "<group>"; };
		8E9034C92898E7AA00D65515 /* Montserrat-MediumItalic.ttf */ = {isa = PBXFileReference; lastKnownFileType = file; path = "Montserrat-MediumItalic.ttf"; sourceTree = "<group>"; };
		8E9034CA2898E7AA00D65515 /* Montserrat-ExtraBold.ttf */ = {isa = PBXFileReference; lastKnownFileType = file; path = "Montserrat-ExtraBold.ttf"; sourceTree = "<group>"; };
		8E9034CB2898E7AA00D65515 /* Montserrat-Italic.ttf */ = {isa = PBXFileReference; lastKnownFileType = file; path = "Montserrat-Italic.ttf"; sourceTree = "<group>"; };
		8E9034CC2898E7AA00D65515 /* Montserrat-ThinItalic.ttf */ = {isa = PBXFileReference; lastKnownFileType = file; path = "Montserrat-ThinItalic.ttf"; sourceTree = "<group>"; };
		8E9034CD2898E7AA00D65515 /* Montserrat-Light.ttf */ = {isa = PBXFileReference; lastKnownFileType = file; path = "Montserrat-Light.ttf"; sourceTree = "<group>"; };
		8E9034CE2898E7AA00D65515 /* Montserrat-Black.ttf */ = {isa = PBXFileReference; lastKnownFileType = file; path = "Montserrat-Black.ttf"; sourceTree = "<group>"; };
		8E9034CF2898E7AA00D65515 /* Montserrat-ExtraLightItalic.ttf */ = {isa = PBXFileReference; lastKnownFileType = file; path = "Montserrat-ExtraLightItalic.ttf"; sourceTree = "<group>"; };
		8E9034D02898E7AB00D65515 /* Montserrat-Bold.ttf */ = {isa = PBXFileReference; lastKnownFileType = file; path = "Montserrat-Bold.ttf"; sourceTree = "<group>"; };
		8E9034D12898E7AB00D65515 /* Montserrat-BlackItalic.ttf */ = {isa = PBXFileReference; lastKnownFileType = file; path = "Montserrat-BlackItalic.ttf"; sourceTree = "<group>"; };
		8E9034D22898E7AB00D65515 /* Montserrat-Thin.ttf */ = {isa = PBXFileReference; lastKnownFileType = file; path = "Montserrat-Thin.ttf"; sourceTree = "<group>"; };
		8E9034D32898E7AB00D65515 /* Montserrat-Regular.ttf */ = {isa = PBXFileReference; lastKnownFileType = file; path = "Montserrat-Regular.ttf"; sourceTree = "<group>"; };
		8E9034D42898E7AB00D65515 /* Montserrat-ExtraLight.ttf */ = {isa = PBXFileReference; lastKnownFileType = file; path = "Montserrat-ExtraLight.ttf"; sourceTree = "<group>"; };
		8E9034D52898E7AB00D65515 /* Montserrat-LightItalic.ttf */ = {isa = PBXFileReference; lastKnownFileType = file; path = "Montserrat-LightItalic.ttf"; sourceTree = "<group>"; };
		8E9034D62898E7AB00D65515 /* Montserrat-SemiBoldItalic.ttf */ = {isa = PBXFileReference; lastKnownFileType = file; path = "Montserrat-SemiBoldItalic.ttf"; sourceTree = "<group>"; };
		8E9034E928992AEF00D65515 /* ScreenSaverViewController.swift */ = {isa = PBXFileReference; lastKnownFileType = sourcecode.swift; path = ScreenSaverViewController.swift; sourceTree = "<group>"; };
		8E9034EB2899753D00D65515 /* HomeViewController.swift */ = {isa = PBXFileReference; lastKnownFileType = sourcecode.swift; path = HomeViewController.swift; sourceTree = "<group>"; };
		8EB083F828FF181800FF9C24 /* CategoriesList.swift */ = {isa = PBXFileReference; lastKnownFileType = sourcecode.swift; path = CategoriesList.swift; sourceTree = "<group>"; };
		8EB083FA28FF189700FF9C24 /* ApiManager.swift */ = {isa = PBXFileReference; lastKnownFileType = sourcecode.swift; path = ApiManager.swift; sourceTree = "<group>"; };
		8EB083FE28FFFE7800FF9C24 /* CategoryTagList.swift */ = {isa = PBXFileReference; lastKnownFileType = sourcecode.swift; path = CategoryTagList.swift; sourceTree = "<group>"; };
		8EB084002900000300FF9C24 /* IngredientTagList.swift */ = {isa = PBXFileReference; lastKnownFileType = sourcecode.swift; path = IngredientTagList.swift; sourceTree = "<group>"; };
		8EB08402290000D400FF9C24 /* AreaTagList.swift */ = {isa = PBXFileReference; lastKnownFileType = sourcecode.swift; path = AreaTagList.swift; sourceTree = "<group>"; };
		8EB084062901B9BF00FF9C24 /* ReсipeList.swift */ = {isa = PBXFileReference; lastKnownFileType = sourcecode.swift; path = "ReсipeList.swift"; sourceTree = "<group>"; };
		8EDBF57028BBFA4C0013AD0D /* CollectionSectionHeaderView.xib */ = {isa = PBXFileReference; lastKnownFileType = file.xib; path = CollectionSectionHeaderView.xib; sourceTree = "<group>"; };
		8EDBF57228BBFA5C0013AD0D /* CollectionSectionHeaderView.swift */ = {isa = PBXFileReference; lastKnownFileType = sourcecode.swift; path = CollectionSectionHeaderView.swift; sourceTree = "<group>"; };
		8EDBF57428CDE0440013AD0D /* SearchCompositionalLayout.swift */ = {isa = PBXFileReference; lastKnownFileType = sourcecode.swift; path = SearchCompositionalLayout.swift; sourceTree = "<group>"; };
		8EDBF57A28D43BB70013AD0D /* ProfileViewController.swift */ = {isa = PBXFileReference; lastKnownFileType = sourcecode.swift; path = ProfileViewController.swift; sourceTree = "<group>"; };
		8EDBF57E28D74E150013AD0D /* IngredientsForRecepieTableViewCell.swift */ = {isa = PBXFileReference; lastKnownFileType = sourcecode.swift; path = IngredientsForRecepieTableViewCell.swift; sourceTree = "<group>"; };
		8EDBF58228D74E660013AD0D /* NameOfPecepieTableViewCell.swift */ = {isa = PBXFileReference; lastKnownFileType = sourcecode.swift; path = NameOfPecepieTableViewCell.swift; sourceTree = "<group>"; };
		8EDDB0CC28FBF865001F2B69 /* RecipePresenting.swift */ = {isa = PBXFileReference; lastKnownFileType = sourcecode.swift; path = RecipePresenting.swift; sourceTree = "<group>"; };
		8EFB367828EB5A87005C758B /* StrechyHeader.swift */ = {isa = PBXFileReference; lastKnownFileType = sourcecode.swift; path = StrechyHeader.swift; sourceTree = "<group>"; };
		8EFB367A28EB5A94005C758B /* StrechyHeader.xib */ = {isa = PBXFileReference; lastKnownFileType = file.xib; path = StrechyHeader.xib; sourceTree = "<group>"; };
		8EFBA2A728AEAEA90098644F /* SpecialTableViewCell.xib */ = {isa = PBXFileReference; lastKnownFileType = file.xib; path = SpecialTableViewCell.xib; sourceTree = "<group>"; };
		8EFBA2A928AEB0500098644F /* UIView+FromNib.swift */ = {isa = PBXFileReference; lastKnownFileType = sourcecode.swift; path = "UIView+FromNib.swift"; sourceTree = "<group>"; };
		8EFBA2B328B4D3B80098644F /* SearchingViewCell.swift */ = {isa = PBXFileReference; lastKnownFileType = sourcecode.swift; path = SearchingViewCell.swift; sourceTree = "<group>"; };
		8EFBA2B428B4D3B80098644F /* SearchingViewCell.xib */ = {isa = PBXFileReference; lastKnownFileType = file.xib; path = SearchingViewCell.xib; sourceTree = "<group>"; };
		8EFBA2BF28B4D5790098644F /* SearchAllRecipesCollectionViewCell.swift */ = {isa = PBXFileReference; lastKnownFileType = sourcecode.swift; path = SearchAllRecipesCollectionViewCell.swift; sourceTree = "<group>"; };
		8EFBA2C028B4D5790098644F /* SearchAllRecipesCollectionViewCell.xib */ = {isa = PBXFileReference; lastKnownFileType = file.xib; path = SearchAllRecipesCollectionViewCell.xib; sourceTree = "<group>"; };
		8EFBA2C328B6997D0098644F /* LabelWithInsets.swift */ = {isa = PBXFileReference; lastKnownFileType = sourcecode.swift; path = LabelWithInsets.swift; sourceTree = "<group>"; };
		8EFEDA9C28983B2C001A2908 /* MakeSomeFood.app */ = {isa = PBXFileReference; explicitFileType = wrapper.application; includeInIndex = 0; path = MakeSomeFood.app; sourceTree = BUILT_PRODUCTS_DIR; };
		8EFEDA9F28983B2C001A2908 /* AppDelegate.swift */ = {isa = PBXFileReference; lastKnownFileType = sourcecode.swift; path = AppDelegate.swift; sourceTree = "<group>"; };
		8EFEDAA128983B2C001A2908 /* SceneDelegate.swift */ = {isa = PBXFileReference; lastKnownFileType = sourcecode.swift; path = SceneDelegate.swift; sourceTree = "<group>"; };
		8EFEDAA328983B2C001A2908 /* LoginViewController.swift */ = {isa = PBXFileReference; lastKnownFileType = sourcecode.swift; path = LoginViewController.swift; sourceTree = "<group>"; };
		8EFEDAA628983B2C001A2908 /* Base */ = {isa = PBXFileReference; lastKnownFileType = file.storyboard; name = Base; path = Base.lproj/Main.storyboard; sourceTree = "<group>"; };
		8EFEDAA828983B2D001A2908 /* Assets.xcassets */ = {isa = PBXFileReference; lastKnownFileType = folder.assetcatalog; path = Assets.xcassets; sourceTree = "<group>"; };
		8EFEDAAB28983B2D001A2908 /* Base */ = {isa = PBXFileReference; lastKnownFileType = file.storyboard; name = Base; path = Base.lproj/LaunchScreen.storyboard; sourceTree = "<group>"; };
		8EFEDAAD28983B2D001A2908 /* Info.plist */ = {isa = PBXFileReference; lastKnownFileType = text.plist.xml; path = Info.plist; sourceTree = "<group>"; };
		8EFEDAB328984843001A2908 /* BorderedTextField.swift */ = {isa = PBXFileReference; lastKnownFileType = sourcecode.swift; path = BorderedTextField.swift; sourceTree = "<group>"; };
/* End PBXFileReference section */

/* Begin PBXFrameworksBuildPhase section */
		8EFEDA9928983B2C001A2908 /* Frameworks */ = {
			isa = PBXFrameworksBuildPhase;
			buildActionMask = 2147483647;
			files = (
				8EB0840B2908542700FF9C24 /* Kingfisher in Frameworks */,
			);
			runOnlyForDeploymentPostprocessing = 0;
		};
/* End PBXFrameworksBuildPhase section */

/* Begin PBXGroup section */
		8E0CAC262909B1AA00F31207 /* AllChipsCollectionViewController */ = {
			isa = PBXGroup;
			children = (
				8E0CAC272909B2E500F31207 /* AllChipsCollectionViewController.swift */,
				8E0CAC292909B38900F31207 /* AllChipsCompositionalLayout.swift */,
			);
			path = AllChipsCollectionViewController;
			sourceTree = "<group>";
		};
		8E12F55E2917F6E50009BB0C /* AllRecipes */ = {
			isa = PBXGroup;
			children = (
				8E12F55C2917F6CA0009BB0C /* AllRecipesTableViewController.swift */,
			);
			path = AllRecipes;
			sourceTree = "<group>";
		};
		8E1E99FD28A910A9007349A9 /* Searching */ = {
			isa = PBXGroup;
			children = (
				8E1E99FB28A90E37007349A9 /* SearchCollectionViewController.swift */,
				8EDBF57428CDE0440013AD0D /* SearchCompositionalLayout.swift */,
				8EFBA2BF28B4D5790098644F /* SearchAllRecipesCollectionViewCell.swift */,
				8EFBA2C028B4D5790098644F /* SearchAllRecipesCollectionViewCell.xib */,
			);
			path = Searching;
			sourceTree = "<group>";
		};
		8E1E99FE28A910BF007349A9 /* Recipe */ = {
			isa = PBXGroup;
			children = (
				8E6ED27F28A54AB200EB0CB2 /* RecipeViewController.swift */,
				8EDDB0CC28FBF865001F2B69 /* RecipePresenting.swift */,
				8EDBF58228D74E660013AD0D /* NameOfPecepieTableViewCell.swift */,
				8E4148B128F3DA4D00DEB191 /* IngredientHeaderViewCell.swift */,
				8EDBF57E28D74E150013AD0D /* IngredientsForRecepieTableViewCell.swift */,
				8E4148B328F3DA6B00DEB191 /* InstructionHeaderViewCell.swift */,
				8E37564428D982220033E360 /* InstructionOfRecipeTableViewCell.swift */,
			);
			path = Recipe;
			sourceTree = "<group>";
		};
		8E31CFD7289BC902006CE7AC /* Home */ = {
			isa = PBXGroup;
			children = (
				8E9034EB2899753D00D65515 /* HomeViewController.swift */,
				8E6ED26F28A159E800EB0CB2 /* SpecialTableViewCell.swift */,
				8EFBA2A728AEAEA90098644F /* SpecialTableViewCell.xib */,
				8E31CFD3289BC8F0006CE7AC /* CategoryCell.swift */,
			);
			path = Home;
			sourceTree = "<group>";
		};
		8E6ED27128A21EC700EB0CB2 /* Favourites */ = {
			isa = PBXGroup;
			children = (
				8E31CF82289A6F84006CE7AC /* FavouritesTableViewController.swift */,
				8E1E9A0128A91805007349A9 /* FavouriteFiles.swift */,
			);
			path = Favourites;
			sourceTree = "<group>";
		};
		8E6ED27C28A2C86100EB0CB2 /* Category */ = {
			isa = PBXGroup;
			children = (
				8E6ED27828A2C82B00EB0CB2 /* CategoryTableViewController.swift */,
			);
			path = Category;
			sourceTree = "<group>";
		};
		8E9034C42898E7AA00D65515 /* Fonts */ = {
			isa = PBXGroup;
			children = (
				8E59C96928DCB21000D6FEBE /* SF-Pro-Text-Black.otf */,
				8E59C96128DCB21000D6FEBE /* SF-Pro-Text-BlackItalic.otf */,
				8E59C96D28DCB21000D6FEBE /* SF-Pro-Text-Bold.otf */,
				8E59C96528DCB21000D6FEBE /* SF-Pro-Text-BoldItalic.otf */,
				8E59C97228DCB21000D6FEBE /* SF-Pro-Text-Heavy.otf */,
				8E59C96F28DCB21000D6FEBE /* SF-Pro-Text-HeavyItalic.otf */,
				8E59C96728DCB21000D6FEBE /* SF-Pro-Text-Light.otf */,
				8E59C97028DCB21000D6FEBE /* SF-Pro-Text-LightItalic.otf */,
				8E59C96628DCB21000D6FEBE /* SF-Pro-Text-Medium.otf */,
				8E59C96428DCB21000D6FEBE /* SF-Pro-Text-MediumItalic.otf */,
				8E59C96A28DCB21000D6FEBE /* SF-Pro-Text-Regular.otf */,
				8E59C96828DCB21000D6FEBE /* SF-Pro-Text-RegularItalic.otf */,
				8E59C97128DCB21000D6FEBE /* SF-Pro-Text-Semibold.otf */,
				8E59C96B28DCB21000D6FEBE /* SF-Pro-Text-SemiboldItalic.otf */,
				8E59C96228DCB21000D6FEBE /* SF-Pro-Text-Thin.otf */,
				8E59C96328DCB21000D6FEBE /* SF-Pro-Text-ThinItalic.otf */,
				8E59C96E28DCB21000D6FEBE /* SF-Pro-Text-Ultralight.otf */,
				8E59C96C28DCB21000D6FEBE /* SF-Pro-Text-UltralightItalic.otf */,
				8E9034CE2898E7AA00D65515 /* Montserrat-Black.ttf */,
				8E9034D12898E7AB00D65515 /* Montserrat-BlackItalic.ttf */,
				8E9034D02898E7AB00D65515 /* Montserrat-Bold.ttf */,
				8E9034C62898E7AA00D65515 /* Montserrat-BoldItalic.ttf */,
				8E9034CA2898E7AA00D65515 /* Montserrat-ExtraBold.ttf */,
				8E9034C82898E7AA00D65515 /* Montserrat-ExtraBoldItalic.ttf */,
				8E9034D42898E7AB00D65515 /* Montserrat-ExtraLight.ttf */,
				8E9034CF2898E7AA00D65515 /* Montserrat-ExtraLightItalic.ttf */,
				8E9034CB2898E7AA00D65515 /* Montserrat-Italic.ttf */,
				8E9034CD2898E7AA00D65515 /* Montserrat-Light.ttf */,
				8E9034D52898E7AB00D65515 /* Montserrat-LightItalic.ttf */,
				8E9034C52898E7AA00D65515 /* Montserrat-Medium.ttf */,
				8E9034C92898E7AA00D65515 /* Montserrat-MediumItalic.ttf */,
				8E9034D32898E7AB00D65515 /* Montserrat-Regular.ttf */,
				8E9034C72898E7AA00D65515 /* Montserrat-SemiBold.ttf */,
				8E9034D62898E7AB00D65515 /* Montserrat-SemiBoldItalic.ttf */,
				8E9034D22898E7AB00D65515 /* Montserrat-Thin.ttf */,
				8E9034CC2898E7AA00D65515 /* Montserrat-ThinItalic.ttf */,
			);
			path = Fonts;
			sourceTree = "<group>";
		};
		8EB083F728FF180100FF9C24 /* Network */ = {
			isa = PBXGroup;
			children = (
				8EB083F828FF181800FF9C24 /* CategoriesList.swift */,
				8EB084062901B9BF00FF9C24 /* ReсipeList.swift */,
				8EB083FE28FFFE7800FF9C24 /* CategoryTagList.swift */,
				8EB084002900000300FF9C24 /* IngredientTagList.swift */,
				8EB08402290000D400FF9C24 /* AreaTagList.swift */,
				8E0CAC232908F4CB00F31207 /* RecipesOfCategoryList.swift */,
				8EB083FA28FF189700FF9C24 /* ApiManager.swift */,
			);
			path = Network;
			sourceTree = "<group>";
		};
		8EDBF57628D2E8C30013AD0D /* ScreenSaverViewController */ = {
			isa = PBXGroup;
			children = (
				8E9034E928992AEF00D65515 /* ScreenSaverViewController.swift */,
			);
			path = ScreenSaverViewController;
			sourceTree = "<group>";
		};
		8EDBF57728D2E8F40013AD0D /* LoginViewController */ = {
			isa = PBXGroup;
			children = (
				8EFEDAA328983B2C001A2908 /* LoginViewController.swift */,
			);
			path = LoginViewController;
			sourceTree = "<group>";
		};
		8EFBA2C828B77B6A0098644F /* Profile */ = {
			isa = PBXGroup;
			children = (
				8EDBF57A28D43BB70013AD0D /* ProfileViewController.swift */,
			);
			path = Profile;
			sourceTree = "<group>";
		};
		8EFEDA9328983B2C001A2908 = {
			isa = PBXGroup;
			children = (
				8EFEDA9E28983B2C001A2908 /* MakeSomeFood */,
				8EFEDA9D28983B2C001A2908 /* Products */,
			);
			sourceTree = "<group>";
		};
		8EFEDA9D28983B2C001A2908 /* Products */ = {
			isa = PBXGroup;
			children = (
				8EFEDA9C28983B2C001A2908 /* MakeSomeFood.app */,
			);
			name = Products;
			sourceTree = "<group>";
		};
		8EFEDA9E28983B2C001A2908 /* MakeSomeFood */ = {
			isa = PBXGroup;
			children = (
				8EB083F728FF180100FF9C24 /* Network */,
				8EDBF57628D2E8C30013AD0D /* ScreenSaverViewController */,
				8E31CFD7289BC902006CE7AC /* Home */,
				8E6ED27128A21EC700EB0CB2 /* Favourites */,
				8EDBF57728D2E8F40013AD0D /* LoginViewController */,
				8EFBA2C828B77B6A0098644F /* Profile */,
				8E1E99FD28A910A9007349A9 /* Searching */,
				8E0CAC262909B1AA00F31207 /* AllChipsCollectionViewController */,
				8E6ED27C28A2C86100EB0CB2 /* Category */,
				8E12F55E2917F6E50009BB0C /* AllRecipes */,
				8E1E99FE28A910BF007349A9 /* Recipe */,
				8EFEDAB528984855001A2908 /* UI */,
				8E9034C42898E7AA00D65515 /* Fonts */,
				8EFEDAA828983B2D001A2908 /* Assets.xcassets */,
				8EFEDAA528983B2C001A2908 /* Main.storyboard */,
				8EFEDAAA28983B2D001A2908 /* LaunchScreen.storyboard */,
				8EFEDAAD28983B2D001A2908 /* Info.plist */,
				8EFEDA9F28983B2C001A2908 /* AppDelegate.swift */,
				8EFEDAA128983B2C001A2908 /* SceneDelegate.swift */,
			);
			path = MakeSomeFood;
			sourceTree = "<group>";
		};
		8EFEDAB528984855001A2908 /* UI */ = {
			isa = PBXGroup;
			children = (
				8EFEDAB328984843001A2908 /* BorderedTextField.swift */,
				8E59C98628E0355F00D6FEBE /* FloatingTitleTextField.swift */,
				8EFBA2C328B6997D0098644F /* LabelWithInsets.swift */,
				8EFB367828EB5A87005C758B /* StrechyHeader.swift */,
				8EFB367A28EB5A94005C758B /* StrechyHeader.xib */,
				8E4148BB28F5763700DEB191 /* Header.swift */,
				8E4148B928F5762900DEB191 /* Header.xib */,
				8E6ED28328A8E81800EB0CB2 /* TableSectionHeaderView.swift */,
				8E6ED28128A8E65900EB0CB2 /* TableSectionHeaderView.xib */,
				8EDBF57228BBFA5C0013AD0D /* CollectionSectionHeaderView.swift */,
				8EDBF57028BBFA4C0013AD0D /* CollectionSectionHeaderView.xib */,
				8E19074028ABFE3B00ECD830 /* CellView.swift */,
				8E37A1EC28ABF8D200F1BA0F /* CellView.xib */,
				8EFBA2B328B4D3B80098644F /* SearchingViewCell.swift */,
				8EFBA2B428B4D3B80098644F /* SearchingViewCell.xib */,
				8EFBA2A928AEB0500098644F /* UIView+FromNib.swift */,
			);
			path = UI;
			sourceTree = "<group>";
		};
/* End PBXGroup section */

/* Begin PBXNativeTarget section */
		8EFEDA9B28983B2C001A2908 /* MakeSomeFood */ = {
			isa = PBXNativeTarget;
			buildConfigurationList = 8EFEDAB028983B2D001A2908 /* Build configuration list for PBXNativeTarget "MakeSomeFood" */;
			buildPhases = (
				8EFEDA9828983B2C001A2908 /* Sources */,
				8EFEDA9928983B2C001A2908 /* Frameworks */,
				8EFEDA9A28983B2C001A2908 /* Resources */,
			);
			buildRules = (
			);
			dependencies = (
			);
			name = MakeSomeFood;
			packageProductDependencies = (
				8EB0840A2908542700FF9C24 /* Kingfisher */,
			);
			productName = MakeSomeFood;
			productReference = 8EFEDA9C28983B2C001A2908 /* MakeSomeFood.app */;
			productType = "com.apple.product-type.application";
		};
/* End PBXNativeTarget section */

/* Begin PBXProject section */
		8EFEDA9428983B2C001A2908 /* Project object */ = {
			isa = PBXProject;
			attributes = {
				BuildIndependentTargetsInParallel = 1;
				LastSwiftUpdateCheck = 1320;
				LastUpgradeCheck = 1320;
				TargetAttributes = {
					8EFEDA9B28983B2C001A2908 = {
						CreatedOnToolsVersion = 13.2.1;
					};
				};
			};
			buildConfigurationList = 8EFEDA9728983B2C001A2908 /* Build configuration list for PBXProject "MakeSomeFood" */;
			compatibilityVersion = "Xcode 13.0";
			developmentRegion = en;
			hasScannedForEncodings = 0;
			knownRegions = (
				en,
				Base,
			);
			mainGroup = 8EFEDA9328983B2C001A2908;
			packageReferences = (
				8EB084092908542700FF9C24 /* XCRemoteSwiftPackageReference "Kingfisher" */,
			);
			productRefGroup = 8EFEDA9D28983B2C001A2908 /* Products */;
			projectDirPath = "";
			projectRoot = "";
			targets = (
				8EFEDA9B28983B2C001A2908 /* MakeSomeFood */,
			);
		};
/* End PBXProject section */

/* Begin PBXResourcesBuildPhase section */
		8EFEDA9A28983B2C001A2908 /* Resources */ = {
			isa = PBXResourcesBuildPhase;
			buildActionMask = 2147483647;
			files = (
				8E3D92ED28E61653004782B2 /* Montserrat-Thin.ttf in Resources */,
				8E9034D72899294600D65515 /* Montserrat-Black.ttf in Resources */,
				8E9034D82899294600D65515 /* Montserrat-BlackItalic.ttf in Resources */,
				8E59C97428DCB21000D6FEBE /* SF-Pro-Text-Thin.otf in Resources */,
				8E9034D92899294600D65515 /* Montserrat-Bold.ttf in Resources */,
				8E59C98028DCB21000D6FEBE /* SF-Pro-Text-Ultralight.otf in Resources */,
				8E59C97528DCB21000D6FEBE /* SF-Pro-Text-ThinItalic.otf in Resources */,
				8E59C97828DCB21000D6FEBE /* SF-Pro-Text-Medium.otf in Resources */,
				8E9034DA2899294600D65515 /* Montserrat-BoldItalic.ttf in Resources */,
				8E59C98328DCB21000D6FEBE /* SF-Pro-Text-Semibold.otf in Resources */,
				8E37A1ED28ABF8D200F1BA0F /* CellView.xib in Resources */,
				8E59C98228DCB21000D6FEBE /* SF-Pro-Text-LightItalic.otf in Resources */,
				8E59C97628DCB21000D6FEBE /* SF-Pro-Text-MediumItalic.otf in Resources */,
				8E59C97E28DCB21000D6FEBE /* SF-Pro-Text-UltralightItalic.otf in Resources */,
				8E59C98128DCB21000D6FEBE /* SF-Pro-Text-HeavyItalic.otf in Resources */,
				8E9034DB2899294600D65515 /* Montserrat-ExtraBold.ttf in Resources */,
				8E4148BA28F5762900DEB191 /* Header.xib in Resources */,
				8E9034DC2899294600D65515 /* Montserrat-ExtraBoldItalic.ttf in Resources */,
				8EFB367B28EB5A94005C758B /* StrechyHeader.xib in Resources */,
				8E6ED28228A8E65900EB0CB2 /* TableSectionHeaderView.xib in Resources */,
				8E9034DD2899294600D65515 /* Montserrat-ExtraLight.ttf in Resources */,
				8EFBA2C228B4D5790098644F /* SearchAllRecipesCollectionViewCell.xib in Resources */,
				8E9034DE2899294600D65515 /* Montserrat-ExtraLightItalic.ttf in Resources */,
				8E9034DF2899294600D65515 /* Montserrat-Italic.ttf in Resources */,
				8E9034E02899294600D65515 /* Montserrat-Light.ttf in Resources */,
				8E59C98428DCB21000D6FEBE /* SF-Pro-Text-Heavy.otf in Resources */,
				8E9034E12899294600D65515 /* Montserrat-LightItalic.ttf in Resources */,
				8E59C97D28DCB21000D6FEBE /* SF-Pro-Text-SemiboldItalic.otf in Resources */,
				8E59C97928DCB21000D6FEBE /* SF-Pro-Text-Light.otf in Resources */,
				8E59C97B28DCB21000D6FEBE /* SF-Pro-Text-Black.otf in Resources */,
				8E9034E22899294600D65515 /* Montserrat-Medium.ttf in Resources */,
				8E9034E32899294600D65515 /* Montserrat-MediumItalic.ttf in Resources */,
				8E59C97C28DCB21000D6FEBE /* SF-Pro-Text-Regular.otf in Resources */,
				8EDBF57128BBFA4C0013AD0D /* CollectionSectionHeaderView.xib in Resources */,
				8E59C97F28DCB21000D6FEBE /* SF-Pro-Text-Bold.otf in Resources */,
				8E9034E42899294600D65515 /* Montserrat-Regular.ttf in Resources */,
				8E9034E52899294600D65515 /* Montserrat-SemiBold.ttf in Resources */,
				8E9034E62899294600D65515 /* Montserrat-SemiBoldItalic.ttf in Resources */,
				8E9034E82899294600D65515 /* Montserrat-ThinItalic.ttf in Resources */,
				8EFBA2A828AEAEA90098644F /* SpecialTableViewCell.xib in Resources */,
				8EFEDAAC28983B2D001A2908 /* LaunchScreen.storyboard in Resources */,
				8EFBA2B628B4D3B80098644F /* SearchingViewCell.xib in Resources */,
				8EFEDAA928983B2D001A2908 /* Assets.xcassets in Resources */,
				8EFEDAA728983B2C001A2908 /* Main.storyboard in Resources */,
				8E59C97A28DCB21000D6FEBE /* SF-Pro-Text-RegularItalic.otf in Resources */,
				8E59C97728DCB21000D6FEBE /* SF-Pro-Text-BoldItalic.otf in Resources */,
				8E59C97328DCB21000D6FEBE /* SF-Pro-Text-BlackItalic.otf in Resources */,
			);
			runOnlyForDeploymentPostprocessing = 0;
		};
/* End PBXResourcesBuildPhase section */

/* Begin PBXSourcesBuildPhase section */
		8EFEDA9828983B2C001A2908 /* Sources */ = {
			isa = PBXSourcesBuildPhase;
			buildActionMask = 2147483647;
			files = (
				8EB084072901B9BF00FF9C24 /* ReсipeList.swift in Sources */,
				8E37564528D982220033E360 /* InstructionOfRecipeTableViewCell.swift in Sources */,
				8EFBA2C128B4D5790098644F /* SearchAllRecipesCollectionViewCell.swift in Sources */,
				8EFEDAA428983B2C001A2908 /* LoginViewController.swift in Sources */,
				8E19074128ABFE3B00ECD830 /* CellView.swift in Sources */,
				8E6ED27028A159E800EB0CB2 /* SpecialTableViewCell.swift in Sources */,
				8EB083F928FF181800FF9C24 /* CategoriesList.swift in Sources */,
				8E9034EA28992AEF00D65515 /* ScreenSaverViewController.swift in Sources */,
				8EDBF57328BBFA5C0013AD0D /* CollectionSectionHeaderView.swift in Sources */,
				8EFEDAA028983B2C001A2908 /* AppDelegate.swift in Sources */,
				8E31CFD5289BC8F0006CE7AC /* CategoryCell.swift in Sources */,
				8E0CAC282909B2E500F31207 /* AllChipsCollectionViewController.swift in Sources */,
				8EDBF57B28D43BB70013AD0D /* ProfileViewController.swift in Sources */,
				8EFBA2AA28AEB0500098644F /* UIView+FromNib.swift in Sources */,
				8E0CAC242908F4CB00F31207 /* RecipesOfCategoryList.swift in Sources */,
				8E6ED28428A8E81800EB0CB2 /* TableSectionHeaderView.swift in Sources */,
				8EDBF57528CDE0440013AD0D /* SearchCompositionalLayout.swift in Sources */,
				8EB084012900000300FF9C24 /* IngredientTagList.swift in Sources */,
				8E12F55D2917F6CA0009BB0C /* AllRecipesTableViewController.swift in Sources */,
				8EFEDAB428984843001A2908 /* BorderedTextField.swift in Sources */,
				8E1E99FC28A90E37007349A9 /* SearchCollectionViewController.swift in Sources */,
				8EFBA2C428B6997D0098644F /* LabelWithInsets.swift in Sources */,
				8EB083FB28FF189700FF9C24 /* ApiManager.swift in Sources */,
				8EFEDAA228983B2C001A2908 /* SceneDelegate.swift in Sources */,
				8E6ED28028A54AB200EB0CB2 /* RecipeViewController.swift in Sources */,
				8EB083FF28FFFE7800FF9C24 /* CategoryTagList.swift in Sources */,
				8E4148B428F3DA6B00DEB191 /* InstructionHeaderViewCell.swift in Sources */,
				8E59C98728E0355F00D6FEBE /* FloatingTitleTextField.swift in Sources */,
				8E0CAC2A2909B38900F31207 /* AllChipsCompositionalLayout.swift in Sources */,
				8EB08403290000D500FF9C24 /* AreaTagList.swift in Sources */,
				8EDBF58328D74E660013AD0D /* NameOfPecepieTableViewCell.swift in Sources */,
				8E9034EC2899753D00D65515 /* HomeViewController.swift in Sources */,
				8E4148BC28F5763700DEB191 /* Header.swift in Sources */,
				8EFBA2B528B4D3B80098644F /* SearchingViewCell.swift in Sources */,
				8E31CF83289A6F84006CE7AC /* FavouritesTableViewController.swift in Sources */,
				8EFB367928EB5A87005C758B /* StrechyHeader.swift in Sources */,
				8E6ED27928A2C82C00EB0CB2 /* CategoryTableViewController.swift in Sources */,
				8EDDB0CD28FBF865001F2B69 /* RecipePresenting.swift in Sources */,
				8E4148B228F3DA4D00DEB191 /* IngredientHeaderViewCell.swift in Sources */,
				8EDBF57F28D74E150013AD0D /* IngredientsForRecepieTableViewCell.swift in Sources */,
				8E1E9A0228A91805007349A9 /* FavouriteFiles.swift in Sources */,
			);
			runOnlyForDeploymentPostprocessing = 0;
		};
/* End PBXSourcesBuildPhase section */

/* Begin PBXVariantGroup section */
		8EFEDAA528983B2C001A2908 /* Main.storyboard */ = {
			isa = PBXVariantGroup;
			children = (
				8EFEDAA628983B2C001A2908 /* Base */,
			);
			name = Main.storyboard;
			sourceTree = "<group>";
		};
		8EFEDAAA28983B2D001A2908 /* LaunchScreen.storyboard */ = {
			isa = PBXVariantGroup;
			children = (
				8EFEDAAB28983B2D001A2908 /* Base */,
			);
			name = LaunchScreen.storyboard;
			sourceTree = "<group>";
		};
/* End PBXVariantGroup section */

/* Begin XCBuildConfiguration section */
		8EFEDAAE28983B2D001A2908 /* Debug */ = {
			isa = XCBuildConfiguration;
			buildSettings = {
				ALWAYS_SEARCH_USER_PATHS = NO;
				CLANG_ANALYZER_NONNULL = YES;
				CLANG_ANALYZER_NUMBER_OBJECT_CONVERSION = YES_AGGRESSIVE;
				CLANG_CXX_LANGUAGE_STANDARD = "gnu++17";
				CLANG_CXX_LIBRARY = "libc++";
				CLANG_ENABLE_MODULES = YES;
				CLANG_ENABLE_OBJC_ARC = YES;
				CLANG_ENABLE_OBJC_WEAK = YES;
				CLANG_WARN_BLOCK_CAPTURE_AUTORELEASING = YES;
				CLANG_WARN_BOOL_CONVERSION = YES;
				CLANG_WARN_COMMA = YES;
				CLANG_WARN_CONSTANT_CONVERSION = YES;
				CLANG_WARN_DEPRECATED_OBJC_IMPLEMENTATIONS = YES;
				CLANG_WARN_DIRECT_OBJC_ISA_USAGE = YES_ERROR;
				CLANG_WARN_DOCUMENTATION_COMMENTS = YES;
				CLANG_WARN_EMPTY_BODY = YES;
				CLANG_WARN_ENUM_CONVERSION = YES;
				CLANG_WARN_INFINITE_RECURSION = YES;
				CLANG_WARN_INT_CONVERSION = YES;
				CLANG_WARN_NON_LITERAL_NULL_CONVERSION = YES;
				CLANG_WARN_OBJC_IMPLICIT_RETAIN_SELF = YES;
				CLANG_WARN_OBJC_LITERAL_CONVERSION = YES;
				CLANG_WARN_OBJC_ROOT_CLASS = YES_ERROR;
				CLANG_WARN_QUOTED_INCLUDE_IN_FRAMEWORK_HEADER = YES;
				CLANG_WARN_RANGE_LOOP_ANALYSIS = YES;
				CLANG_WARN_STRICT_PROTOTYPES = YES;
				CLANG_WARN_SUSPICIOUS_MOVE = YES;
				CLANG_WARN_UNGUARDED_AVAILABILITY = YES_AGGRESSIVE;
				CLANG_WARN_UNREACHABLE_CODE = YES;
				CLANG_WARN__DUPLICATE_METHOD_MATCH = YES;
				COPY_PHASE_STRIP = NO;
				DEBUG_INFORMATION_FORMAT = dwarf;
				ENABLE_STRICT_OBJC_MSGSEND = YES;
				ENABLE_TESTABILITY = YES;
				GCC_C_LANGUAGE_STANDARD = gnu11;
				GCC_DYNAMIC_NO_PIC = NO;
				GCC_NO_COMMON_BLOCKS = YES;
				GCC_OPTIMIZATION_LEVEL = 0;
				GCC_PREPROCESSOR_DEFINITIONS = (
					"DEBUG=1",
					"$(inherited)",
				);
				GCC_WARN_64_TO_32_BIT_CONVERSION = YES;
				GCC_WARN_ABOUT_RETURN_TYPE = YES_ERROR;
				GCC_WARN_UNDECLARED_SELECTOR = YES;
				GCC_WARN_UNINITIALIZED_AUTOS = YES_AGGRESSIVE;
				GCC_WARN_UNUSED_FUNCTION = YES;
				GCC_WARN_UNUSED_VARIABLE = YES;
				IPHONEOS_DEPLOYMENT_TARGET = 15.2;
				MTL_ENABLE_DEBUG_INFO = INCLUDE_SOURCE;
				MTL_FAST_MATH = YES;
				ONLY_ACTIVE_ARCH = YES;
				SDKROOT = iphoneos;
				SWIFT_ACTIVE_COMPILATION_CONDITIONS = DEBUG;
				SWIFT_OPTIMIZATION_LEVEL = "-Onone";
			};
			name = Debug;
		};
		8EFEDAAF28983B2D001A2908 /* Release */ = {
			isa = XCBuildConfiguration;
			buildSettings = {
				ALWAYS_SEARCH_USER_PATHS = NO;
				CLANG_ANALYZER_NONNULL = YES;
				CLANG_ANALYZER_NUMBER_OBJECT_CONVERSION = YES_AGGRESSIVE;
				CLANG_CXX_LANGUAGE_STANDARD = "gnu++17";
				CLANG_CXX_LIBRARY = "libc++";
				CLANG_ENABLE_MODULES = YES;
				CLANG_ENABLE_OBJC_ARC = YES;
				CLANG_ENABLE_OBJC_WEAK = YES;
				CLANG_WARN_BLOCK_CAPTURE_AUTORELEASING = YES;
				CLANG_WARN_BOOL_CONVERSION = YES;
				CLANG_WARN_COMMA = YES;
				CLANG_WARN_CONSTANT_CONVERSION = YES;
				CLANG_WARN_DEPRECATED_OBJC_IMPLEMENTATIONS = YES;
				CLANG_WARN_DIRECT_OBJC_ISA_USAGE = YES_ERROR;
				CLANG_WARN_DOCUMENTATION_COMMENTS = YES;
				CLANG_WARN_EMPTY_BODY = YES;
				CLANG_WARN_ENUM_CONVERSION = YES;
				CLANG_WARN_INFINITE_RECURSION = YES;
				CLANG_WARN_INT_CONVERSION = YES;
				CLANG_WARN_NON_LITERAL_NULL_CONVERSION = YES;
				CLANG_WARN_OBJC_IMPLICIT_RETAIN_SELF = YES;
				CLANG_WARN_OBJC_LITERAL_CONVERSION = YES;
				CLANG_WARN_OBJC_ROOT_CLASS = YES_ERROR;
				CLANG_WARN_QUOTED_INCLUDE_IN_FRAMEWORK_HEADER = YES;
				CLANG_WARN_RANGE_LOOP_ANALYSIS = YES;
				CLANG_WARN_STRICT_PROTOTYPES = YES;
				CLANG_WARN_SUSPICIOUS_MOVE = YES;
				CLANG_WARN_UNGUARDED_AVAILABILITY = YES_AGGRESSIVE;
				CLANG_WARN_UNREACHABLE_CODE = YES;
				CLANG_WARN__DUPLICATE_METHOD_MATCH = YES;
				COPY_PHASE_STRIP = NO;
				DEBUG_INFORMATION_FORMAT = "dwarf-with-dsym";
				ENABLE_NS_ASSERTIONS = NO;
				ENABLE_STRICT_OBJC_MSGSEND = YES;
				GCC_C_LANGUAGE_STANDARD = gnu11;
				GCC_NO_COMMON_BLOCKS = YES;
				GCC_WARN_64_TO_32_BIT_CONVERSION = YES;
				GCC_WARN_ABOUT_RETURN_TYPE = YES_ERROR;
				GCC_WARN_UNDECLARED_SELECTOR = YES;
				GCC_WARN_UNINITIALIZED_AUTOS = YES_AGGRESSIVE;
				GCC_WARN_UNUSED_FUNCTION = YES;
				GCC_WARN_UNUSED_VARIABLE = YES;
				IPHONEOS_DEPLOYMENT_TARGET = 15.2;
				MTL_ENABLE_DEBUG_INFO = NO;
				MTL_FAST_MATH = YES;
				SDKROOT = iphoneos;
				SWIFT_COMPILATION_MODE = wholemodule;
				SWIFT_OPTIMIZATION_LEVEL = "-O";
				VALIDATE_PRODUCT = YES;
			};
			name = Release;
		};
		8EFEDAB128983B2D001A2908 /* Debug */ = {
			isa = XCBuildConfiguration;
			buildSettings = {
				ASSETCATALOG_COMPILER_APPICON_NAME = AppIcon;
				ASSETCATALOG_COMPILER_GLOBAL_ACCENT_COLOR_NAME = AccentColor;
				CODE_SIGN_STYLE = Automatic;
				CURRENT_PROJECT_VERSION = 1;
				DEVELOPMENT_TEAM = L8N4UC72DZ;
				GENERATE_INFOPLIST_FILE = YES;
				INFOPLIST_FILE = MakeSomeFood/Info.plist;
				INFOPLIST_KEY_UIApplicationSupportsIndirectInputEvents = YES;
				INFOPLIST_KEY_UILaunchStoryboardName = LaunchScreen;
				INFOPLIST_KEY_UIMainStoryboardFile = Main;
				INFOPLIST_KEY_UISupportedInterfaceOrientations_iPad = "UIInterfaceOrientationPortrait UIInterfaceOrientationPortraitUpsideDown UIInterfaceOrientationLandscapeLeft UIInterfaceOrientationLandscapeRight";
				INFOPLIST_KEY_UISupportedInterfaceOrientations_iPhone = "UIInterfaceOrientationPortrait UIInterfaceOrientationLandscapeLeft UIInterfaceOrientationLandscapeRight";
				LD_RUNPATH_SEARCH_PATHS = (
					"$(inherited)",
					"@executable_path/Frameworks",
				);
				MARKETING_VERSION = 1.0;
				PRODUCT_BUNDLE_IDENTIFIER = ru.Luiza.MakeSomeFood;
				PRODUCT_NAME = "$(TARGET_NAME)";
				SWIFT_EMIT_LOC_STRINGS = YES;
				SWIFT_VERSION = 5.0;
				TARGETED_DEVICE_FAMILY = "1,2";
			};
			name = Debug;
		};
		8EFEDAB228983B2D001A2908 /* Release */ = {
			isa = XCBuildConfiguration;
			buildSettings = {
				ASSETCATALOG_COMPILER_APPICON_NAME = AppIcon;
				ASSETCATALOG_COMPILER_GLOBAL_ACCENT_COLOR_NAME = AccentColor;
				CODE_SIGN_STYLE = Automatic;
				CURRENT_PROJECT_VERSION = 1;
				DEVELOPMENT_TEAM = L8N4UC72DZ;
				GENERATE_INFOPLIST_FILE = YES;
				INFOPLIST_FILE = MakeSomeFood/Info.plist;
				INFOPLIST_KEY_UIApplicationSupportsIndirectInputEvents = YES;
				INFOPLIST_KEY_UILaunchStoryboardName = LaunchScreen;
				INFOPLIST_KEY_UIMainStoryboardFile = Main;
				INFOPLIST_KEY_UISupportedInterfaceOrientations_iPad = "UIInterfaceOrientationPortrait UIInterfaceOrientationPortraitUpsideDown UIInterfaceOrientationLandscapeLeft UIInterfaceOrientationLandscapeRight";
				INFOPLIST_KEY_UISupportedInterfaceOrientations_iPhone = "UIInterfaceOrientationPortrait UIInterfaceOrientationLandscapeLeft UIInterfaceOrientationLandscapeRight";
				LD_RUNPATH_SEARCH_PATHS = (
					"$(inherited)",
					"@executable_path/Frameworks",
				);
				MARKETING_VERSION = 1.0;
				PRODUCT_BUNDLE_IDENTIFIER = ru.Luiza.MakeSomeFood;
				PRODUCT_NAME = "$(TARGET_NAME)";
				SWIFT_EMIT_LOC_STRINGS = YES;
				SWIFT_VERSION = 5.0;
				TARGETED_DEVICE_FAMILY = "1,2";
			};
			name = Release;
		};
/* End XCBuildConfiguration section */

/* Begin XCConfigurationList section */
		8EFEDA9728983B2C001A2908 /* Build configuration list for PBXProject "MakeSomeFood" */ = {
			isa = XCConfigurationList;
			buildConfigurations = (
				8EFEDAAE28983B2D001A2908 /* Debug */,
				8EFEDAAF28983B2D001A2908 /* Release */,
			);
			defaultConfigurationIsVisible = 0;
			defaultConfigurationName = Release;
		};
		8EFEDAB028983B2D001A2908 /* Build configuration list for PBXNativeTarget "MakeSomeFood" */ = {
			isa = XCConfigurationList;
			buildConfigurations = (
				8EFEDAB128983B2D001A2908 /* Debug */,
				8EFEDAB228983B2D001A2908 /* Release */,
			);
			defaultConfigurationIsVisible = 0;
			defaultConfigurationName = Release;
		};
/* End XCConfigurationList section */

/* Begin XCRemoteSwiftPackageReference section */
		8EB084092908542700FF9C24 /* XCRemoteSwiftPackageReference "Kingfisher" */ = {
			isa = XCRemoteSwiftPackageReference;
			repositoryURL = "https://github.com/onevcat/Kingfisher.git";
			requirement = {
				kind = upToNextMajorVersion;
				minimumVersion = 7.0.0;
			};
		};
/* End XCRemoteSwiftPackageReference section */

/* Begin XCSwiftPackageProductDependency section */
		8EB0840A2908542700FF9C24 /* Kingfisher */ = {
			isa = XCSwiftPackageProductDependency;
			package = 8EB084092908542700FF9C24 /* XCRemoteSwiftPackageReference "Kingfisher" */;
			productName = Kingfisher;
		};
/* End XCSwiftPackageProductDependency section */
	};
	rootObject = 8EFEDA9428983B2C001A2908 /* Project object */;
}
